// !$*UTF8*$!
{
	archiveVersion = 1;
	classes = {
	};
	objectVersion = 46;
	objects = {

/* Begin PBXBuildFile section */
		0E45F43746E840A1B077D405 /* libPods.a in Frameworks */ = {isa = PBXBuildFile; fileRef = 68227E082A48468291122D70 /* libPods.a */; };
		852445BE19CD9B4A0015FC41 /* 1Password.xcassets in Resources */ = {isa = PBXBuildFile; fileRef = 852445BD19CD9B4A0015FC41 /* 1Password.xcassets */; };
		852445C319CF02E70015FC41 /* SearchRootViewController.swift in Sources */ = {isa = PBXBuildFile; fileRef = 852445C219CF02E70015FC41 /* SearchRootViewController.swift */; };
		852445C519CF030C0015FC41 /* KeywordSearchViewController.swift in Sources */ = {isa = PBXBuildFile; fileRef = 852445C419CF030C0015FC41 /* KeywordSearchViewController.swift */; };
		852445C719CF034C0015FC41 /* CurrentLocationSearchViewController.swift in Sources */ = {isa = PBXBuildFile; fileRef = 852445C619CF034C0015FC41 /* CurrentLocationSearchViewController.swift */; };
		852445C919CF03770015FC41 /* SearchFormViewController.swift in Sources */ = {isa = PBXBuildFile; fileRef = 852445C819CF03770015FC41 /* SearchFormViewController.swift */; };
		852445CB19CF048A0015FC41 /* AreaSearchViewController.swift in Sources */ = {isa = PBXBuildFile; fileRef = 852445CA19CF048A0015FC41 /* AreaSearchViewController.swift */; };
		852445CD19CF04A30015FC41 /* RailwaySearchViewController.swift in Sources */ = {isa = PBXBuildFile; fileRef = 852445CC19CF04A30015FC41 /* RailwaySearchViewController.swift */; };
		854FBEA019C6484D00DA7BE2 /* YadoSearch.xcdatamodeld in Sources */ = {isa = PBXBuildFile; fileRef = 854FBE9E19C6484D00DA7BE2 /* YadoSearch.xcdatamodeld */; };
		854FBEA719C6484D00DA7BE2 /* Main.storyboard in Resources */ = {isa = PBXBuildFile; fileRef = 854FBEA519C6484D00DA7BE2 /* Main.storyboard */; };
		854FBEA919C6484D00DA7BE2 /* Images.xcassets in Resources */ = {isa = PBXBuildFile; fileRef = 854FBEA819C6484D00DA7BE2 /* Images.xcassets */; };
		854FBEAC19C6484D00DA7BE2 /* LaunchScreen.xib in Resources */ = {isa = PBXBuildFile; fileRef = 854FBEAA19C6484D00DA7BE2 /* LaunchScreen.xib */; };
		854FBEB819C6484D00DA7BE2 /* YadoSearchTests.swift in Sources */ = {isa = PBXBuildFile; fileRef = 854FBEB719C6484D00DA7BE2 /* YadoSearchTests.swift */; };
		854FBECB19C6544500DA7BE2 /* AppDelegate.swift in Sources */ = {isa = PBXBuildFile; fileRef = 854FBEC619C6544500DA7BE2 /* AppDelegate.swift */; };
		854FBECC19C6544500DA7BE2 /* DetailViewController.swift in Sources */ = {isa = PBXBuildFile; fileRef = 854FBEC919C6544500DA7BE2 /* DetailViewController.swift */; };
		854FBECD19C6544500DA7BE2 /* MasterViewController.swift in Sources */ = {isa = PBXBuildFile; fileRef = 854FBECA19C6544500DA7BE2 /* MasterViewController.swift */; };
		854FBED119C70B3E00DA7BE2 /* MapKit.framework in Frameworks */ = {isa = PBXBuildFile; fileRef = 854FBED019C70B3E00DA7BE2 /* MapKit.framework */; };
		854FBED319C70B7800DA7BE2 /* CoreLocation.framework in Frameworks */ = {isa = PBXBuildFile; fileRef = 854FBED219C70B7800DA7BE2 /* CoreLocation.framework */; };
		854FBED519C70EF000DA7BE2 /* UIKit.framework in Frameworks */ = {isa = PBXBuildFile; fileRef = 854FBED419C70EF000DA7BE2 /* UIKit.framework */; };
		854FBED719C70EF800DA7BE2 /* CoreData.framework in Frameworks */ = {isa = PBXBuildFile; fileRef = 854FBED619C70EF800DA7BE2 /* CoreData.framework */; };
/* End PBXBuildFile section */

/* Begin PBXContainerItemProxy section */
		854FBEB219C6484D00DA7BE2 /* PBXContainerItemProxy */ = {
			isa = PBXContainerItemProxy;
			containerPortal = 854FBE8F19C6484D00DA7BE2 /* Project object */;
			proxyType = 1;
			remoteGlobalIDString = 854FBE9619C6484D00DA7BE2;
			remoteInfo = YadoSearch;
		};
/* End PBXContainerItemProxy section */

/* Begin PBXFileReference section */
		2CD681F8C4F442309E02C55C /* Pods.xcconfig */ = {isa = PBXFileReference; includeInIndex = 1; lastKnownFileType = text.xcconfig; name = Pods.xcconfig; path = Pods/Pods.xcconfig; sourceTree = "<group>"; };
		68227E082A48468291122D70 /* libPods.a */ = {isa = PBXFileReference; explicitFileType = archive.ar; includeInIndex = 0; path = libPods.a; sourceTree = BUILT_PRODUCTS_DIR; };
		852445BD19CD9B4A0015FC41 /* 1Password.xcassets */ = {isa = PBXFileReference; lastKnownFileType = folder.assetcatalog; name = 1Password.xcassets; path = Pods/1PasswordExtension/1Password.xcassets; sourceTree = SOURCE_ROOT; };
		852445C219CF02E70015FC41 /* SearchRootViewController.swift */ = {isa = PBXFileReference; fileEncoding = 4; lastKnownFileType = sourcecode.swift; path = SearchRootViewController.swift; sourceTree = "<group>"; };
		852445C419CF030C0015FC41 /* KeywordSearchViewController.swift */ = {isa = PBXFileReference; fileEncoding = 4; lastKnownFileType = sourcecode.swift; path = KeywordSearchViewController.swift; sourceTree = "<group>"; };
		852445C619CF034C0015FC41 /* CurrentLocationSearchViewController.swift */ = {isa = PBXFileReference; fileEncoding = 4; lastKnownFileType = sourcecode.swift; path = CurrentLocationSearchViewController.swift; sourceTree = "<group>"; };
		852445C819CF03770015FC41 /* SearchFormViewController.swift */ = {isa = PBXFileReference; fileEncoding = 4; lastKnownFileType = sourcecode.swift; path = SearchFormViewController.swift; sourceTree = "<group>"; };
		852445CA19CF048A0015FC41 /* AreaSearchViewController.swift */ = {isa = PBXFileReference; fileEncoding = 4; lastKnownFileType = sourcecode.swift; path = AreaSearchViewController.swift; sourceTree = "<group>"; };
		852445CC19CF04A30015FC41 /* RailwaySearchViewController.swift */ = {isa = PBXFileReference; fileEncoding = 4; lastKnownFileType = sourcecode.swift; path = RailwaySearchViewController.swift; sourceTree = "<group>"; };
		854FBE9719C6484D00DA7BE2 /* YadoSearch.app */ = {isa = PBXFileReference; explicitFileType = wrapper.application; includeInIndex = 0; path = YadoSearch.app; sourceTree = BUILT_PRODUCTS_DIR; };
		854FBE9B19C6484D00DA7BE2 /* Info.plist */ = {isa = PBXFileReference; lastKnownFileType = text.plist.xml; path = Info.plist; sourceTree = "<group>"; };
		854FBE9F19C6484D00DA7BE2 /* YadoSearch.xcdatamodel */ = {isa = PBXFileReference; lastKnownFileType = wrapper.xcdatamodel; path = YadoSearch.xcdatamodel; sourceTree = "<group>"; };
		854FBEA619C6484D00DA7BE2 /* Base */ = {isa = PBXFileReference; lastKnownFileType = file.storyboard; name = Base; path = Base.lproj/Main.storyboard; sourceTree = "<group>"; };
		854FBEA819C6484D00DA7BE2 /* Images.xcassets */ = {isa = PBXFileReference; lastKnownFileType = folder.assetcatalog; path = Images.xcassets; sourceTree = "<group>"; };
		854FBEAB19C6484D00DA7BE2 /* Base */ = {isa = PBXFileReference; lastKnownFileType = file.xib; name = Base; path = Base.lproj/LaunchScreen.xib; sourceTree = "<group>"; };
		854FBEB119C6484D00DA7BE2 /* YadoSearchTests.xctest */ = {isa = PBXFileReference; explicitFileType = wrapper.cfbundle; includeInIndex = 0; path = YadoSearchTests.xctest; sourceTree = BUILT_PRODUCTS_DIR; };
		854FBEB619C6484D00DA7BE2 /* Info.plist */ = {isa = PBXFileReference; lastKnownFileType = text.plist.xml; path = Info.plist; sourceTree = "<group>"; };
		854FBEB719C6484D00DA7BE2 /* YadoSearchTests.swift */ = {isa = PBXFileReference; lastKnownFileType = sourcecode.swift; path = YadoSearchTests.swift; sourceTree = "<group>"; };
		854FBEC619C6544500DA7BE2 /* AppDelegate.swift */ = {isa = PBXFileReference; fileEncoding = 4; lastKnownFileType = sourcecode.swift; path = AppDelegate.swift; sourceTree = "<group>"; };
		854FBEC919C6544500DA7BE2 /* DetailViewController.swift */ = {isa = PBXFileReference; fileEncoding = 4; lastKnownFileType = sourcecode.swift; path = DetailViewController.swift; sourceTree = "<group>"; };
		854FBECA19C6544500DA7BE2 /* MasterViewController.swift */ = {isa = PBXFileReference; fileEncoding = 4; lastKnownFileType = sourcecode.swift; path = MasterViewController.swift; sourceTree = "<group>"; };
		854FBECE19C6548800DA7BE2 /* YadoSearch-Bridging-Header.h */ = {isa = PBXFileReference; fileEncoding = 4; lastKnownFileType = sourcecode.c.h; path = "YadoSearch-Bridging-Header.h"; sourceTree = "<group>"; };
		854FBECF19C70B1A00DA7BE2 /* YadoSearch.entitlements */ = {isa = PBXFileReference; lastKnownFileType = text.xml; path = YadoSearch.entitlements; sourceTree = "<group>"; };
		854FBED019C70B3E00DA7BE2 /* MapKit.framework */ = {isa = PBXFileReference; lastKnownFileType = wrapper.framework; name = MapKit.framework; path = System/Library/Frameworks/MapKit.framework; sourceTree = SDKROOT; };
		854FBED219C70B7800DA7BE2 /* CoreLocation.framework */ = {isa = PBXFileReference; lastKnownFileType = wrapper.framework; name = CoreLocation.framework; path = System/Library/Frameworks/CoreLocation.framework; sourceTree = SDKROOT; };
		854FBED419C70EF000DA7BE2 /* UIKit.framework */ = {isa = PBXFileReference; lastKnownFileType = wrapper.framework; name = UIKit.framework; path = System/Library/Frameworks/UIKit.framework; sourceTree = SDKROOT; };
		854FBED619C70EF800DA7BE2 /* CoreData.framework */ = {isa = PBXFileReference; lastKnownFileType = wrapper.framework; name = CoreData.framework; path = System/Library/Frameworks/CoreData.framework; sourceTree = SDKROOT; };
/* End PBXFileReference section */

/* Begin PBXFrameworksBuildPhase section */
		854FBE9419C6484D00DA7BE2 /* Frameworks */ = {
			isa = PBXFrameworksBuildPhase;
			buildActionMask = 2147483647;
			files = (
				854FBED719C70EF800DA7BE2 /* CoreData.framework in Frameworks */,
				854FBED519C70EF000DA7BE2 /* UIKit.framework in Frameworks */,
				854FBED319C70B7800DA7BE2 /* CoreLocation.framework in Frameworks */,
				854FBED119C70B3E00DA7BE2 /* MapKit.framework in Frameworks */,
				0E45F43746E840A1B077D405 /* libPods.a in Frameworks */,
			);
			runOnlyForDeploymentPostprocessing = 0;
		};
		854FBEAE19C6484D00DA7BE2 /* Frameworks */ = {
			isa = PBXFrameworksBuildPhase;
			buildActionMask = 2147483647;
			files = (
			);
			runOnlyForDeploymentPostprocessing = 0;
		};
/* End PBXFrameworksBuildPhase section */

/* Begin PBXGroup section */
		1EB2DE6A5D784BAEBF0F36FC /* Frameworks */ = {
			isa = PBXGroup;
			children = (
				854FBED619C70EF800DA7BE2 /* CoreData.framework */,
				854FBED419C70EF000DA7BE2 /* UIKit.framework */,
				854FBED219C70B7800DA7BE2 /* CoreLocation.framework */,
				854FBED019C70B3E00DA7BE2 /* MapKit.framework */,
				68227E082A48468291122D70 /* libPods.a */,
			);
			name = Frameworks;
			sourceTree = "<group>";
		};
		852445C119CF02E70015FC41 /* Search */ = {
			isa = PBXGroup;
			children = (
				852445C219CF02E70015FC41 /* SearchRootViewController.swift */,
				852445C819CF03770015FC41 /* SearchFormViewController.swift */,
				852445C419CF030C0015FC41 /* KeywordSearchViewController.swift */,
				852445C619CF034C0015FC41 /* CurrentLocationSearchViewController.swift */,
				852445CA19CF048A0015FC41 /* AreaSearchViewController.swift */,
				852445CC19CF04A30015FC41 /* RailwaySearchViewController.swift */,
			);
			path = Search;
			sourceTree = "<group>";
		};
		854FBE8E19C6484D00DA7BE2 = {
			isa = PBXGroup;
			children = (
				854FBE9919C6484D00DA7BE2 /* YadoSearch */,
				854FBEB419C6484D00DA7BE2 /* YadoSearchTests */,
				854FBE9819C6484D00DA7BE2 /* Products */,
				2CD681F8C4F442309E02C55C /* Pods.xcconfig */,
				1EB2DE6A5D784BAEBF0F36FC /* Frameworks */,
			);
			sourceTree = "<group>";
		};
		854FBE9819C6484D00DA7BE2 /* Products */ = {
			isa = PBXGroup;
			children = (
				854FBE9719C6484D00DA7BE2 /* YadoSearch.app */,
				854FBEB119C6484D00DA7BE2 /* YadoSearchTests.xctest */,
			);
			name = Products;
			sourceTree = "<group>";
		};
		854FBE9919C6484D00DA7BE2 /* YadoSearch */ = {
			isa = PBXGroup;
			children = (
				854FBEC519C6544500DA7BE2 /* App */,
				854FBEC819C6544500DA7BE2 /* ViewControllers */,
				854FBEA519C6484D00DA7BE2 /* Main.storyboard */,
				852445BD19CD9B4A0015FC41 /* 1Password.xcassets */,
				854FBEA819C6484D00DA7BE2 /* Images.xcassets */,
				854FBEAA19C6484D00DA7BE2 /* LaunchScreen.xib */,
				854FBE9E19C6484D00DA7BE2 /* YadoSearch.xcdatamodeld */,
				854FBE9A19C6484D00DA7BE2 /* Supporting Files */,
			);
			path = YadoSearch;
			sourceTree = "<group>";
		};
		854FBE9A19C6484D00DA7BE2 /* Supporting Files */ = {
			isa = PBXGroup;
			children = (
				854FBECF19C70B1A00DA7BE2 /* YadoSearch.entitlements */,
				854FBECE19C6548800DA7BE2 /* YadoSearch-Bridging-Header.h */,
				854FBE9B19C6484D00DA7BE2 /* Info.plist */,
			);
			name = "Supporting Files";
			sourceTree = "<group>";
		};
		854FBEB419C6484D00DA7BE2 /* YadoSearchTests */ = {
			isa = PBXGroup;
			children = (
				854FBEB719C6484D00DA7BE2 /* YadoSearchTests.swift */,
				854FBEB519C6484D00DA7BE2 /* Supporting Files */,
			);
			path = YadoSearchTests;
			sourceTree = "<group>";
		};
		854FBEB519C6484D00DA7BE2 /* Supporting Files */ = {
			isa = PBXGroup;
			children = (
				854FBEB619C6484D00DA7BE2 /* Info.plist */,
			);
			name = "Supporting Files";
			sourceTree = "<group>";
		};
		854FBEC519C6544500DA7BE2 /* App */ = {
			isa = PBXGroup;
			children = (
				854FBEC619C6544500DA7BE2 /* AppDelegate.swift */,
			);
			path = App;
			sourceTree = "<group>";
		};
		854FBEC819C6544500DA7BE2 /* ViewControllers */ = {
			isa = PBXGroup;
			children = (
				852445C119CF02E70015FC41 /* Search */,
				854FBEC919C6544500DA7BE2 /* DetailViewController.swift */,
				854FBECA19C6544500DA7BE2 /* MasterViewController.swift */,
			);
			path = ViewControllers;
			sourceTree = "<group>";
		};
/* End PBXGroup section */

/* Begin PBXNativeTarget section */
		854FBE9619C6484D00DA7BE2 /* YadoSearch */ = {
			isa = PBXNativeTarget;
			buildConfigurationList = 854FBEBB19C6484D00DA7BE2 /* Build configuration list for PBXNativeTarget "YadoSearch" */;
			buildPhases = (
				699E274557D541E5957196CA /* Check Pods Manifest.lock */,
				854FBE9319C6484D00DA7BE2 /* Sources */,
				854FBE9419C6484D00DA7BE2 /* Frameworks */,
				854FBE9519C6484D00DA7BE2 /* Resources */,
				706EC761AF6E46CAB6ECC5E5 /* Copy Pods Resources */,
			);
			buildRules = (
			);
			dependencies = (
			);
			name = YadoSearch;
			productName = YadoSearch;
			productReference = 854FBE9719C6484D00DA7BE2 /* YadoSearch.app */;
			productType = "com.apple.product-type.application";
		};
		854FBEB019C6484D00DA7BE2 /* YadoSearchTests */ = {
			isa = PBXNativeTarget;
			buildConfigurationList = 854FBEBE19C6484D00DA7BE2 /* Build configuration list for PBXNativeTarget "YadoSearchTests" */;
			buildPhases = (
				854FBEAD19C6484D00DA7BE2 /* Sources */,
				854FBEAE19C6484D00DA7BE2 /* Frameworks */,
				854FBEAF19C6484D00DA7BE2 /* Resources */,
			);
			buildRules = (
			);
			dependencies = (
				854FBEB319C6484D00DA7BE2 /* PBXTargetDependency */,
			);
			name = YadoSearchTests;
			productName = YadoSearchTests;
			productReference = 854FBEB119C6484D00DA7BE2 /* YadoSearchTests.xctest */;
			productType = "com.apple.product-type.bundle.unit-test";
		};
/* End PBXNativeTarget section */

/* Begin PBXProject section */
		854FBE8F19C6484D00DA7BE2 /* Project object */ = {
			isa = PBXProject;
			attributes = {
				LastUpgradeCheck = 0600;
				ORGANIZATIONNAME = "LittleApps Inc.";
				TargetAttributes = {
					854FBE9619C6484D00DA7BE2 = {
						CreatedOnToolsVersion = 6.0;
						DevelopmentTeam = 3Y8APYUG2G;
						SystemCapabilities = {
							com.apple.Maps.iOS = {
								enabled = 1;
							};
							com.apple.iCloud = {
								enabled = 1;
							};
						};
					};
					854FBEB019C6484D00DA7BE2 = {
						CreatedOnToolsVersion = 6.0;
						TestTargetID = 854FBE9619C6484D00DA7BE2;
					};
				};
			};
			buildConfigurationList = 854FBE9219C6484D00DA7BE2 /* Build configuration list for PBXProject "YadoSearch" */;
			compatibilityVersion = "Xcode 3.2";
			developmentRegion = English;
			hasScannedForEncodings = 0;
			knownRegions = (
				en,
				Base,
			);
			mainGroup = 854FBE8E19C6484D00DA7BE2;
			productRefGroup = 854FBE9819C6484D00DA7BE2 /* Products */;
			projectDirPath = "";
			projectRoot = "";
			targets = (
				854FBE9619C6484D00DA7BE2 /* YadoSearch */,
				854FBEB019C6484D00DA7BE2 /* YadoSearchTests */,
			);
		};
/* End PBXProject section */

/* Begin PBXResourcesBuildPhase section */
		854FBE9519C6484D00DA7BE2 /* Resources */ = {
			isa = PBXResourcesBuildPhase;
			buildActionMask = 2147483647;
			files = (
				854FBEA719C6484D00DA7BE2 /* Main.storyboard in Resources */,
				854FBEAC19C6484D00DA7BE2 /* LaunchScreen.xib in Resources */,
				852445BE19CD9B4A0015FC41 /* 1Password.xcassets in Resources */,
				854FBEA919C6484D00DA7BE2 /* Images.xcassets in Resources */,
			);
			runOnlyForDeploymentPostprocessing = 0;
		};
		854FBEAF19C6484D00DA7BE2 /* Resources */ = {
			isa = PBXResourcesBuildPhase;
			buildActionMask = 2147483647;
			files = (
			);
			runOnlyForDeploymentPostprocessing = 0;
		};
/* End PBXResourcesBuildPhase section */

/* Begin PBXShellScriptBuildPhase section */
		699E274557D541E5957196CA /* Check Pods Manifest.lock */ = {
			isa = PBXShellScriptBuildPhase;
			buildActionMask = 2147483647;
			files = (
			);
			inputPaths = (
			);
			name = "Check Pods Manifest.lock";
			outputPaths = (
			);
			runOnlyForDeploymentPostprocessing = 0;
			shellPath = /bin/sh;
			shellScript = "diff \"${PODS_ROOT}/../Podfile.lock\" \"${PODS_ROOT}/Manifest.lock\" > /dev/null\nif [[ $? != 0 ]] ; then\n    cat << EOM\nerror: The sandbox is not in sync with the Podfile.lock. Run 'pod install' or update your CocoaPods installation.\nEOM\n    exit 1\nfi\n";
			showEnvVarsInLog = 0;
		};
		706EC761AF6E46CAB6ECC5E5 /* Copy Pods Resources */ = {
			isa = PBXShellScriptBuildPhase;
			buildActionMask = 2147483647;
			files = (
			);
			inputPaths = (
			);
			name = "Copy Pods Resources";
			outputPaths = (
			);
			runOnlyForDeploymentPostprocessing = 0;
			shellPath = /bin/sh;
			shellScript = "\"${SRCROOT}/Pods/Pods-resources.sh\"\n";
			showEnvVarsInLog = 0;
		};
/* End PBXShellScriptBuildPhase section */

/* Begin PBXSourcesBuildPhase section */
		854FBE9319C6484D00DA7BE2 /* Sources */ = {
			isa = PBXSourcesBuildPhase;
			buildActionMask = 2147483647;
			files = (
				854FBECD19C6544500DA7BE2 /* MasterViewController.swift in Sources */,
				854FBECC19C6544500DA7BE2 /* DetailViewController.swift in Sources */,
				852445CD19CF04A30015FC41 /* RailwaySearchViewController.swift in Sources */,
				852445CB19CF048A0015FC41 /* AreaSearchViewController.swift in Sources */,
				852445C919CF03770015FC41 /* SearchFormViewController.swift in Sources */,
				852445C319CF02E70015FC41 /* SearchRootViewController.swift in Sources */,
				854FBECB19C6544500DA7BE2 /* AppDelegate.swift in Sources */,
				852445C719CF034C0015FC41 /* CurrentLocationSearchViewController.swift in Sources */,
				852445C519CF030C0015FC41 /* KeywordSearchViewController.swift in Sources */,
				854FBEA019C6484D00DA7BE2 /* YadoSearch.xcdatamodeld in Sources */,
			);
			runOnlyForDeploymentPostprocessing = 0;
		};
		854FBEAD19C6484D00DA7BE2 /* Sources */ = {
			isa = PBXSourcesBuildPhase;
			buildActionMask = 2147483647;
			files = (
				854FBEB819C6484D00DA7BE2 /* YadoSearchTests.swift in Sources */,
			);
			runOnlyForDeploymentPostprocessing = 0;
		};
/* End PBXSourcesBuildPhase section */

/* Begin PBXTargetDependency section */
		854FBEB319C6484D00DA7BE2 /* PBXTargetDependency */ = {
			isa = PBXTargetDependency;
			target = 854FBE9619C6484D00DA7BE2 /* YadoSearch */;
			targetProxy = 854FBEB219C6484D00DA7BE2 /* PBXContainerItemProxy */;
		};
/* End PBXTargetDependency section */

/* Begin PBXVariantGroup section */
		854FBEA519C6484D00DA7BE2 /* Main.storyboard */ = {
			isa = PBXVariantGroup;
			children = (
				854FBEA619C6484D00DA7BE2 /* Base */,
			);
			name = Main.storyboard;
			sourceTree = "<group>";
		};
		854FBEAA19C6484D00DA7BE2 /* LaunchScreen.xib */ = {
			isa = PBXVariantGroup;
			children = (
				854FBEAB19C6484D00DA7BE2 /* Base */,
			);
			name = LaunchScreen.xib;
			sourceTree = "<group>";
		};
/* End PBXVariantGroup section */

/* Begin XCBuildConfiguration section */
		854FBEB919C6484D00DA7BE2 /* Debug */ = {
			isa = XCBuildConfiguration;
			buildSettings = {
				ALWAYS_SEARCH_USER_PATHS = NO;
				CLANG_CXX_LANGUAGE_STANDARD = "gnu++0x";
				CLANG_CXX_LIBRARY = "libc++";
				CLANG_ENABLE_MODULES = YES;
				CLANG_ENABLE_OBJC_ARC = YES;
				CLANG_WARN_BOOL_CONVERSION = YES;
				CLANG_WARN_CONSTANT_CONVERSION = YES;
				CLANG_WARN_DIRECT_OBJC_ISA_USAGE = YES_ERROR;
				CLANG_WARN_EMPTY_BODY = YES;
				CLANG_WARN_ENUM_CONVERSION = YES;
				CLANG_WARN_INT_CONVERSION = YES;
				CLANG_WARN_OBJC_ROOT_CLASS = YES_ERROR;
				CLANG_WARN_UNREACHABLE_CODE = YES;
				CLANG_WARN__DUPLICATE_METHOD_MATCH = YES;
				"CODE_SIGN_IDENTITY[sdk=iphoneos*]" = "iPhone Developer";
				COPY_PHASE_STRIP = NO;
				ENABLE_STRICT_OBJC_MSGSEND = YES;
				GCC_C_LANGUAGE_STANDARD = gnu99;
				GCC_DYNAMIC_NO_PIC = NO;
				GCC_OPTIMIZATION_LEVEL = 0;
				GCC_PREPROCESSOR_DEFINITIONS = (
					"DEBUG=1",
					"$(inherited)",
				);
				GCC_SYMBOLS_PRIVATE_EXTERN = NO;
				GCC_WARN_64_TO_32_BIT_CONVERSION = YES;
				GCC_WARN_ABOUT_RETURN_TYPE = YES_ERROR;
				GCC_WARN_UNDECLARED_SELECTOR = YES;
				GCC_WARN_UNINITIALIZED_AUTOS = YES_AGGRESSIVE;
				GCC_WARN_UNUSED_FUNCTION = YES;
				GCC_WARN_UNUSED_VARIABLE = YES;
				IPHONEOS_DEPLOYMENT_TARGET = 8.0;
				MTL_ENABLE_DEBUG_INFO = YES;
				ONLY_ACTIVE_ARCH = YES;
				SDKROOT = iphoneos;
				SWIFT_OPTIMIZATION_LEVEL = "-Onone";
				TARGETED_DEVICE_FAMILY = "1,2";
			};
			name = Debug;
		};
		854FBEBA19C6484D00DA7BE2 /* Release */ = {
			isa = XCBuildConfiguration;
			buildSettings = {
				ALWAYS_SEARCH_USER_PATHS = NO;
				CLANG_CXX_LANGUAGE_STANDARD = "gnu++0x";
				CLANG_CXX_LIBRARY = "libc++";
				CLANG_ENABLE_MODULES = YES;
				CLANG_ENABLE_OBJC_ARC = YES;
				CLANG_WARN_BOOL_CONVERSION = YES;
				CLANG_WARN_CONSTANT_CONVERSION = YES;
				CLANG_WARN_DIRECT_OBJC_ISA_USAGE = YES_ERROR;
				CLANG_WARN_EMPTY_BODY = YES;
				CLANG_WARN_ENUM_CONVERSION = YES;
				CLANG_WARN_INT_CONVERSION = YES;
				CLANG_WARN_OBJC_ROOT_CLASS = YES_ERROR;
				CLANG_WARN_UNREACHABLE_CODE = YES;
				CLANG_WARN__DUPLICATE_METHOD_MATCH = YES;
				"CODE_SIGN_IDENTITY[sdk=iphoneos*]" = "iPhone Developer";
				COPY_PHASE_STRIP = YES;
				ENABLE_NS_ASSERTIONS = NO;
				ENABLE_STRICT_OBJC_MSGSEND = YES;
				GCC_C_LANGUAGE_STANDARD = gnu99;
				GCC_WARN_64_TO_32_BIT_CONVERSION = YES;
				GCC_WARN_ABOUT_RETURN_TYPE = YES_ERROR;
				GCC_WARN_UNDECLARED_SELECTOR = YES;
				GCC_WARN_UNINITIALIZED_AUTOS = YES_AGGRESSIVE;
				GCC_WARN_UNUSED_FUNCTION = YES;
				GCC_WARN_UNUSED_VARIABLE = YES;
				IPHONEOS_DEPLOYMENT_TARGET = 8.0;
				MTL_ENABLE_DEBUG_INFO = NO;
				SDKROOT = iphoneos;
				TARGETED_DEVICE_FAMILY = "1,2";
				VALIDATE_PRODUCT = YES;
			};
			name = Release;
		};
		854FBEBC19C6484D00DA7BE2 /* Debug */ = {
			isa = XCBuildConfiguration;
			baseConfigurationReference = 2CD681F8C4F442309E02C55C /* Pods.xcconfig */;
			buildSettings = {
				ASSETCATALOG_COMPILER_APPICON_NAME = AppIcon;
				CLANG_ENABLE_MODULES = YES;
				CODE_SIGN_ENTITLEMENTS = YadoSearch/YadoSearch.entitlements;
				CODE_SIGN_IDENTITY = "iPhone Developer";
				"CODE_SIGN_IDENTITY[sdk=iphoneos*]" = "iPhone Developer";
				INFOPLIST_FILE = YadoSearch/Info.plist;
				LD_RUNPATH_SEARCH_PATHS = "$(inherited) @executable_path/Frameworks";
				PRODUCT_NAME = "$(TARGET_NAME)";
				PROVISIONING_PROFILE = "";
				SWIFT_OBJC_BRIDGING_HEADER = "YadoSearch/YadoSearch-Bridging-Header.h";
				SWIFT_OPTIMIZATION_LEVEL = "-Onone";
			};
			name = Debug;
		};
		854FBEBD19C6484D00DA7BE2 /* Release */ = {
			isa = XCBuildConfiguration;
			baseConfigurationReference = 2CD681F8C4F442309E02C55C /* Pods.xcconfig */;
			buildSettings = {
				ASSETCATALOG_COMPILER_APPICON_NAME = AppIcon;
				CLANG_ENABLE_MODULES = YES;
				CODE_SIGN_ENTITLEMENTS = YadoSearch/YadoSearch.entitlements;
				CODE_SIGN_IDENTITY = "iPhone Developer";
				"CODE_SIGN_IDENTITY[sdk=iphoneos*]" = "iPhone Developer";
				INFOPLIST_FILE = YadoSearch/Info.plist;
				LD_RUNPATH_SEARCH_PATHS = "$(inherited) @executable_path/Frameworks";
				PRODUCT_NAME = "$(TARGET_NAME)";
				PROVISIONING_PROFILE = "";
				SWIFT_OBJC_BRIDGING_HEADER = "YadoSearch/YadoSearch-Bridging-Header.h";
			};
			name = Release;
		};
		854FBEBF19C6484D00DA7BE2 /* Debug */ = {
			isa = XCBuildConfiguration;
			buildSettings = {
				BUNDLE_LOADER = "$(TEST_HOST)";
				FRAMEWORK_SEARCH_PATHS = (
					"$(SDKROOT)/Developer/Library/Frameworks",
					"$(inherited)",
				);
				GCC_PREPROCESSOR_DEFINITIONS = (
					"DEBUG=1",
					"$(inherited)",
				);
				INFOPLIST_FILE = YadoSearchTests/Info.plist;
				LD_RUNPATH_SEARCH_PATHS = "$(inherited) @executable_path/Frameworks @loader_path/Frameworks";
				PRODUCT_NAME = "$(TARGET_NAME)";
				TEST_HOST = "$(BUILT_PRODUCTS_DIR)/YadoSearch.app/YadoSearch";
			};
			name = Debug;
		};
		854FBEC019C6484D00DA7BE2 /* Release */ = {
			isa = XCBuildConfiguration;
			buildSettings = {
				BUNDLE_LOADER = "$(TEST_HOST)";
				FRAMEWORK_SEARCH_PATHS = (
					"$(SDKROOT)/Developer/Library/Frameworks",
					"$(inherited)",
				);
				INFOPLIST_FILE = YadoSearchTests/Info.plist;
				LD_RUNPATH_SEARCH_PATHS = "$(inherited) @executable_path/Frameworks @loader_path/Frameworks";
				PRODUCT_NAME = "$(TARGET_NAME)";
				TEST_HOST = "$(BUILT_PRODUCTS_DIR)/YadoSearch.app/YadoSearch";
			};
			name = Release;
		};
/* End XCBuildConfiguration section */

/* Begin XCConfigurationList section */
		854FBE9219C6484D00DA7BE2 /* Build configuration list for PBXProject "YadoSearch" */ = {
			isa = XCConfigurationList;
			buildConfigurations = (
				854FBEB919C6484D00DA7BE2 /* Debug */,
				854FBEBA19C6484D00DA7BE2 /* Release */,
			);
			defaultConfigurationIsVisible = 0;
			defaultConfigurationName = Release;
		};
		854FBEBB19C6484D00DA7BE2 /* Build configuration list for PBXNativeTarget "YadoSearch" */ = {
			isa = XCConfigurationList;
			buildConfigurations = (
				854FBEBC19C6484D00DA7BE2 /* Debug */,
				854FBEBD19C6484D00DA7BE2 /* Release */,
			);
			defaultConfigurationIsVisible = 0;
			defaultConfigurationName = Release;
		};
		854FBEBE19C6484D00DA7BE2 /* Build configuration list for PBXNativeTarget "YadoSearchTests" */ = {
			isa = XCConfigurationList;
			buildConfigurations = (
				854FBEBF19C6484D00DA7BE2 /* Debug */,
				854FBEC019C6484D00DA7BE2 /* Release */,
			);
			defaultConfigurationIsVisible = 0;
			defaultConfigurationName = Release;
		};
/* End XCConfigurationList section */

/* Begin XCVersionGroup section */
		854FBE9E19C6484D00DA7BE2 /* YadoSearch.xcdatamodeld */ = {
			isa = XCVersionGroup;
			children = (
				854FBE9F19C6484D00DA7BE2 /* YadoSearch.xcdatamodel */,
			);
			currentVersion = 854FBE9F19C6484D00DA7BE2 /* YadoSearch.xcdatamodel */;
			path = YadoSearch.xcdatamodeld;
			sourceTree = "<group>";
			versionGroupType = wrapper.xcdatamodel;
		};
/* End XCVersionGroup section */
	};
	rootObject = 854FBE8F19C6484D00DA7BE2 /* Project object */;
}
